
Microsoft Visual Studio Solution File, Format Version 12.00
# Visual Studio Version 17
VisualStudioVersion = 17.8.34511.84
MinimumVisualStudioVersion = 10.0.40219.1
Project("{FAE04EC0-301F-11D3-BF4B-00C04F79EFBC}") = "EventEase.Web", "EventEase.Web\EventEase.Web.csproj", "{BD15B4FD-B30E-43E4-9EFB-440E5F88DD24}"
EndProject
Global
	GlobalSection(SolutionConfigurationPlatforms) = preSolution
		Debug|Any CPU = Debug|Any CPU
		Release|Any CPU = Release|Any CPU
	EndGlobalSection
	GlobalSection(ProjectConfigurationPlatforms) = postSolution
		{BD15B4FD-B30E-43E4-9EFB-440E5F88DD24}.Debug|Any CPU.ActiveCfg = Debug|Any CPU
		{BD15B4FD-B30E-43E4-9EFB-440E5F88DD24}.Debug|Any CPU.Build.0 = Debug|Any CPU
		{BD15B4FD-B30E-43E4-9EFB-440E5F88DD24}.Release|Any CPU.ActiveCfg = Release|Any CPU
		{BD15B4FD-B30E-43E4-9EFB-440E5F88DD24}.Release|Any CPU.Build.0 = Release|Any CPU
	EndGlobalSection
	GlobalSection(SolutionProperties) = preSolution
		HideSolutionNode = FALSE
	EndGlobalSection
	GlobalSection(ExtensibilityGlobals) = postSolution
		SolutionGuid = {807566E3-FAF2-4F3A-908F-86F25B6D0DAD}
	EndGlobalSection
EndGlobal
